
Microsoft Visual Studio Solution File, Format Version 12.00
# Visual Studio Version 16
VisualStudioVersion = 16.0.29613.14
MinimumVisualStudioVersion = 10.0.40219.1
Project("{FAE04EC0-301F-11D3-BF4B-00C04F79EFBC}") = "Lab2_AI", "Lab2_AI\Lab2_AI.csproj", "{B4D403DB-5561-4B6E-A50A-84BEC317FFA5}"
EndProject
Global
	GlobalSection(SolutionConfigurationPlatforms) = preSolution
		Debug|Any CPU = Debug|Any CPU
		Release|Any CPU = Release|Any CPU
	EndGlobalSection
	GlobalSection(ProjectConfigurationPlatforms) = postSolution
		{B4D403DB-5561-4B6E-A50A-84BEC317FFA5}.Debug|Any CPU.ActiveCfg = Debug|Any CPU
		{B4D403DB-5561-4B6E-A50A-84BEC317FFA5}.Debug|Any CPU.Build.0 = Debug|Any CPU
		{B4D403DB-5561-4B6E-A50A-84BEC317FFA5}.Release|Any CPU.ActiveCfg = Release|Any CPU
		{B4D403DB-5561-4B6E-A50A-84BEC317FFA5}.Release|Any CPU.Build.0 = Release|Any CPU
	EndGlobalSection
	GlobalSection(SolutionProperties) = preSolution
		HideSolutionNode = FALSE
	EndGlobalSection
	GlobalSection(ExtensibilityGlobals) = postSolution
		SolutionGuid = {CBAE7CB3-FC21-486D-A58F-70404BF1BA6E}
	EndGlobalSection
EndGlobal
